<?xml version="1.0" encoding="UTF-8"?>
<Project ToolsVersion="15.0" xmlns="http://schemas.microsoft.com/developer/msbuild/2003">
  <ItemGroup>
    <ClCompile Include="C:\Users\Administrator\source\repos\Libevent\event_tagging.c">
      <Filter>Source Extra</Filter>
    </ClCompile>
    <ClCompile Include="C:\Users\Administrator\source\repos\Libevent\http.c">
      <Filter>Source Extra</Filter>
    </ClCompile>
    <ClCompile Include="C:\Users\Administrator\source\repos\Libevent\evdns.c">
      <Filter>Source Extra</Filter>
    </ClCompile>
    <ClCompile Include="C:\Users\Administrator\source\repos\Libevent\evrpc.c">
      <Filter>Source Extra</Filter>
    </ClCompile>
  </ItemGroup>
  <ItemGroup>
    <CustomBuild Include="C:\Users\Administrator\source\repos\Libevent\CMakeLists.txt" />
  </ItemGroup>
  <ItemGroup>
    <Filter Include="Source Extra">
      <UniqueIdentifier>{30DB183E-E93D-3553-89FA-FFBF55146B72}</UniqueIdentifier>
    </Filter>
  </ItemGroup>
</Project>
