Microsoft Visual Studio Solution File, Format Version 12.00
# Visual Studio 15
Project("{8BC9CEB8-8B4A-11D0-8D11-00A0C91BC942}") = "ALL_BUILD", "ALL_BUILD.vcxproj", "{26586B7A-BCE1-34E3-B076-B7855ECD02A6}"
	ProjectSection(ProjectDependencies) = postProject
		{EC1E560E-8B1A-3D35-82A4-E36A287D8AD5} = {EC1E560E-8B1A-3D35-82A4-E36A287D8AD5}
		{17935441-A94C-362E-AD40-F329818F788C} = {17935441-A94C-362E-AD40-F329818F788C}
		{208EC537-E897-3B2B-BBA8-D1A972201C81} = {208EC537-E897-3B2B-BBA8-D1A972201C81}
		{7AA71E06-A1CB-3179-AC13-23E4E67A58F2} = {7AA71E06-A1CB-3179-AC13-23E4E67A58F2}
		{E5B0B2BD-5044-3CF4-9E1C-BE861CD01B82} = {E5B0B2BD-5044-3CF4-9E1C-BE861CD01B82}
		{810F57A5-7CBF-3CAD-8F58-30B6A3DC9DC3} = {810F57A5-7CBF-3CAD-8F58-30B6A3DC9DC3}
		{1675703A-0C1C-3C56-92CC-9040D9D608B9} = {1675703A-0C1C-3C56-92CC-9040D9D608B9}
		{BFFD2F4E-3944-3124-94D0-4D56B9E86A45} = {BFFD2F4E-3944-3124-94D0-4D56B9E86A45}
		{602BF02E-931F-3AEF-AB30-221FB4DD4C60} = {602BF02E-931F-3AEF-AB30-221FB4DD4C60}
		{5F9A55A2-89F1-3D4F-B79D-E0402D770762} = {5F9A55A2-89F1-3D4F-B79D-E0402D770762}
		{D14E1F8B-A0EF-3A18-A636-8B4E7A7B98EB} = {D14E1F8B-A0EF-3A18-A636-8B4E7A7B98EB}
		{B2BB583B-10C2-38FF-B393-46ADB1FB205C} = {B2BB583B-10C2-38FF-B393-46ADB1FB205C}
		{51CA7F36-69FA-3EA5-BD38-1F547D87E599} = {51CA7F36-69FA-3EA5-BD38-1F547D87E599}
		{8DF93CC2-A192-3C5F-822B-6758A1518CE8} = {8DF93CC2-A192-3C5F-822B-6758A1518CE8}
		{C9CBF6CA-3C0C-321C-BFA5-B08261593D28} = {C9CBF6CA-3C0C-321C-BFA5-B08261593D28}
		{2FB46FE1-0928-338F-ADBB-FFD24FB238FB} = {2FB46FE1-0928-338F-ADBB-FFD24FB238FB}
		{8D15EDA9-18E3-3D0D-920E-670C7335032E} = {8D15EDA9-18E3-3D0D-920E-670C7335032E}
		{065F406D-141E-3C38-A623-89573436F803} = {065F406D-141E-3C38-A623-89573436F803}
	EndProjectSection
EndProject
Project("{8BC9CEB8-8B4A-11D0-8D11-00A0C91BC942}") = "INSTALL", "INSTALL.vcxproj", "{213C8014-155B-3B27-AA06-6A04FE5CBF4A}"
	ProjectSection(ProjectDependencies) = postProject
		{26586B7A-BCE1-34E3-B076-B7855ECD02A6} = {26586B7A-BCE1-34E3-B076-B7855ECD02A6}
		{EC1E560E-8B1A-3D35-82A4-E36A287D8AD5} = {EC1E560E-8B1A-3D35-82A4-E36A287D8AD5}
	EndProjectSection
EndProject
Project("{8BC9CEB8-8B4A-11D0-8D11-00A0C91BC942}") = "ZERO_CHECK", "ZERO_CHECK.vcxproj", "{EC1E560E-8B1A-3D35-82A4-E36A287D8AD5}"
	ProjectSection(ProjectDependencies) = postProject
	EndProjectSection
EndProject
Project("{8BC9CEB8-8B4A-11D0-8D11-00A0C91BC942}") = "bench", "bench.vcxproj", "{17935441-A94C-362E-AD40-F329818F788C}"
	ProjectSection(ProjectDependencies) = postProject
		{EC1E560E-8B1A-3D35-82A4-E36A287D8AD5} = {EC1E560E-8B1A-3D35-82A4-E36A287D8AD5}
		{602BF02E-931F-3AEF-AB30-221FB4DD4C60} = {602BF02E-931F-3AEF-AB30-221FB4DD4C60}
		{D14E1F8B-A0EF-3A18-A636-8B4E7A7B98EB} = {D14E1F8B-A0EF-3A18-A636-8B4E7A7B98EB}
	EndProjectSection
EndProject
Project("{8BC9CEB8-8B4A-11D0-8D11-00A0C91BC942}") = "bench_cascade", "bench_cascade.vcxproj", "{208EC537-E897-3B2B-BBA8-D1A972201C81}"
	ProjectSection(ProjectDependencies) = postProject
		{EC1E560E-8B1A-3D35-82A4-E36A287D8AD5} = {EC1E560E-8B1A-3D35-82A4-E36A287D8AD5}
		{602BF02E-931F-3AEF-AB30-221FB4DD4C60} = {602BF02E-931F-3AEF-AB30-221FB4DD4C60}
		{D14E1F8B-A0EF-3A18-A636-8B4E7A7B98EB} = {D14E1F8B-A0EF-3A18-A636-8B4E7A7B98EB}
	EndProjectSection
EndProject
Project("{8BC9CEB8-8B4A-11D0-8D11-00A0C91BC942}") = "bench_http", "bench_http.vcxproj", "{7AA71E06-A1CB-3179-AC13-23E4E67A58F2}"
	ProjectSection(ProjectDependencies) = postProject
		{EC1E560E-8B1A-3D35-82A4-E36A287D8AD5} = {EC1E560E-8B1A-3D35-82A4-E36A287D8AD5}
		{602BF02E-931F-3AEF-AB30-221FB4DD4C60} = {602BF02E-931F-3AEF-AB30-221FB4DD4C60}
		{D14E1F8B-A0EF-3A18-A636-8B4E7A7B98EB} = {D14E1F8B-A0EF-3A18-A636-8B4E7A7B98EB}
	EndProjectSection
EndProject
Project("{8BC9CEB8-8B4A-11D0-8D11-00A0C91BC942}") = "bench_httpclient", "bench_httpclient.vcxproj", "{E5B0B2BD-5044-3CF4-9E1C-BE861CD01B82}"
	ProjectSection(ProjectDependencies) = postProject
		{EC1E560E-8B1A-3D35-82A4-E36A287D8AD5} = {EC1E560E-8B1A-3D35-82A4-E36A287D8AD5}
		{602BF02E-931F-3AEF-AB30-221FB4DD4C60} = {602BF02E-931F-3AEF-AB30-221FB4DD4C60}
		{D14E1F8B-A0EF-3A18-A636-8B4E7A7B98EB} = {D14E1F8B-A0EF-3A18-A636-8B4E7A7B98EB}
	EndProjectSection
EndProject
Project("{8BC9CEB8-8B4A-11D0-8D11-00A0C91BC942}") = "dns-example", "dns-example.vcxproj", "{810F57A5-7CBF-3CAD-8F58-30B6A3DC9DC3}"
	ProjectSection(ProjectDependencies) = postProject
		{EC1E560E-8B1A-3D35-82A4-E36A287D8AD5} = {EC1E560E-8B1A-3D35-82A4-E36A287D8AD5}
		{602BF02E-931F-3AEF-AB30-221FB4DD4C60} = {602BF02E-931F-3AEF-AB30-221FB4DD4C60}
		{D14E1F8B-A0EF-3A18-A636-8B4E7A7B98EB} = {D14E1F8B-A0EF-3A18-A636-8B4E7A7B98EB}
	EndProjectSection
EndProject
Project("{8BC9CEB8-8B4A-11D0-8D11-00A0C91BC942}") = "event-read-fifo", "event-read-fifo.vcxproj", "{1675703A-0C1C-3C56-92CC-9040D9D608B9}"
	ProjectSection(ProjectDependencies) = postProject
		{EC1E560E-8B1A-3D35-82A4-E36A287D8AD5} = {EC1E560E-8B1A-3D35-82A4-E36A287D8AD5}
		{602BF02E-931F-3AEF-AB30-221FB4DD4C60} = {602BF02E-931F-3AEF-AB30-221FB4DD4C60}
		{D14E1F8B-A0EF-3A18-A636-8B4E7A7B98EB} = {D14E1F8B-A0EF-3A18-A636-8B4E7A7B98EB}
	EndProjectSection
EndProject
Project("{8BC9CEB8-8B4A-11D0-8D11-00A0C91BC942}") = "event_core_shared", "event_core_shared.vcxproj", "{BFFD2F4E-3944-3124-94D0-4D56B9E86A45}"
	ProjectSection(ProjectDependencies) = postProject
		{EC1E560E-8B1A-3D35-82A4-E36A287D8AD5} = {EC1E560E-8B1A-3D35-82A4-E36A287D8AD5}
	EndProjectSection
EndProject
Project("{8BC9CEB8-8B4A-11D0-8D11-00A0C91BC942}") = "event_core_static", "event_core_static.vcxproj", "{602BF02E-931F-3AEF-AB30-221FB4DD4C60}"
	ProjectSection(ProjectDependencies) = postProject
		{EC1E560E-8B1A-3D35-82A4-E36A287D8AD5} = {EC1E560E-8B1A-3D35-82A4-E36A287D8AD5}
	EndProjectSection
EndProject
Project("{8BC9CEB8-8B4A-11D0-8D11-00A0C91BC942}") = "event_extra_shared", "event_extra_shared.vcxproj", "{5F9A55A2-89F1-3D4F-B79D-E0402D770762}"
	ProjectSection(ProjectDependencies) = postProject
		{EC1E560E-8B1A-3D35-82A4-E36A287D8AD5} = {EC1E560E-8B1A-3D35-82A4-E36A287D8AD5}
		{BFFD2F4E-3944-3124-94D0-4D56B9E86A45} = {BFFD2F4E-3944-3124-94D0-4D56B9E86A45}
	EndProjectSection
EndProject
Project("{8BC9CEB8-8B4A-11D0-8D11-00A0C91BC942}") = "event_extra_static", "event_extra_static.vcxproj", "{D14E1F8B-A0EF-3A18-A636-8B4E7A7B98EB}"
	ProjectSection(ProjectDependencies) = postProject
		{EC1E560E-8B1A-3D35-82A4-E36A287D8AD5} = {EC1E560E-8B1A-3D35-82A4-E36A287D8AD5}
	EndProjectSection
EndProject
Project("{8BC9CEB8-8B4A-11D0-8D11-00A0C91BC942}") = "event_shared", "event_shared.vcxproj", "{B2BB583B-10C2-38FF-B393-46ADB1FB205C}"
	ProjectSection(ProjectDependencies) = postProject
		{EC1E560E-8B1A-3D35-82A4-E36A287D8AD5} = {EC1E560E-8B1A-3D35-82A4-E36A287D8AD5}
	EndProjectSection
EndProject
Project("{8BC9CEB8-8B4A-11D0-8D11-00A0C91BC942}") = "event_static", "event_static.vcxproj", "{51CA7F36-69FA-3EA5-BD38-1F547D87E599}"
	ProjectSection(ProjectDependencies) = postProject
		{EC1E560E-8B1A-3D35-82A4-E36A287D8AD5} = {EC1E560E-8B1A-3D35-82A4-E36A287D8AD5}
	EndProjectSection
EndProject
Project("{8BC9CEB8-8B4A-11D0-8D11-00A0C91BC942}") = "hello-world", "hello-world.vcxproj", "{8DF93CC2-A192-3C5F-822B-6758A1518CE8}"
	ProjectSection(ProjectDependencies) = postProject
		{EC1E560E-8B1A-3D35-82A4-E36A287D8AD5} = {EC1E560E-8B1A-3D35-82A4-E36A287D8AD5}
		{602BF02E-931F-3AEF-AB30-221FB4DD4C60} = {602BF02E-931F-3AEF-AB30-221FB4DD4C60}
		{D14E1F8B-A0EF-3A18-A636-8B4E7A7B98EB} = {D14E1F8B-A0EF-3A18-A636-8B4E7A7B98EB}
	EndProjectSection
EndProject
Project("{8BC9CEB8-8B4A-11D0-8D11-00A0C91BC942}") = "http-connect", "http-connect.vcxproj", "{C9CBF6CA-3C0C-321C-BFA5-B08261593D28}"
	ProjectSection(ProjectDependencies) = postProject
		{EC1E560E-8B1A-3D35-82A4-E36A287D8AD5} = {EC1E560E-8B1A-3D35-82A4-E36A287D8AD5}
		{602BF02E-931F-3AEF-AB30-221FB4DD4C60} = {602BF02E-931F-3AEF-AB30-221FB4DD4C60}
		{D14E1F8B-A0EF-3A18-A636-8B4E7A7B98EB} = {D14E1F8B-A0EF-3A18-A636-8B4E7A7B98EB}
	EndProjectSection
EndProject
Project("{8BC9CEB8-8B4A-11D0-8D11-00A0C91BC942}") = "http-server", "http-server.vcxproj", "{2FB46FE1-0928-338F-ADBB-FFD24FB238FB}"
	ProjectSection(ProjectDependencies) = postProject
		{EC1E560E-8B1A-3D35-82A4-E36A287D8AD5} = {EC1E560E-8B1A-3D35-82A4-E36A287D8AD5}
		{602BF02E-931F-3AEF-AB30-221FB4DD4C60} = {602BF02E-931F-3AEF-AB30-221FB4DD4C60}
		{D14E1F8B-A0EF-3A18-A636-8B4E7A7B98EB} = {D14E1F8B-A0EF-3A18-A636-8B4E7A7B98EB}
	EndProjectSection
EndProject
Project("{8BC9CEB8-8B4A-11D0-8D11-00A0C91BC942}") = "signal-test", "signal-test.vcxproj", "{8D15EDA9-18E3-3D0D-920E-670C7335032E}"
	ProjectSection(ProjectDependencies) = postProject
		{EC1E560E-8B1A-3D35-82A4-E36A287D8AD5} = {EC1E560E-8B1A-3D35-82A4-E36A287D8AD5}
		{602BF02E-931F-3AEF-AB30-221FB4DD4C60} = {602BF02E-931F-3AEF-AB30-221FB4DD4C60}
		{D14E1F8B-A0EF-3A18-A636-8B4E7A7B98EB} = {D14E1F8B-A0EF-3A18-A636-8B4E7A7B98EB}
	EndProjectSection
EndProject
Project("{8BC9CEB8-8B4A-11D0-8D11-00A0C91BC942}") = "time-test", "time-test.vcxproj", "{065F406D-141E-3C38-A623-89573436F803}"
	ProjectSection(ProjectDependencies) = postProject
		{EC1E560E-8B1A-3D35-82A4-E36A287D8AD5} = {EC1E560E-8B1A-3D35-82A4-E36A287D8AD5}
		{602BF02E-931F-3AEF-AB30-221FB4DD4C60} = {602BF02E-931F-3AEF-AB30-221FB4DD4C60}
		{D14E1F8B-A0EF-3A18-A636-8B4E7A7B98EB} = {D14E1F8B-A0EF-3A18-A636-8B4E7A7B98EB}
	EndProjectSection
EndProject
Global
	GlobalSection(SolutionConfigurationPlatforms) = preSolution
		Debug|Win32 = Debug|Win32
		Release|Win32 = Release|Win32
	EndGlobalSection
	GlobalSection(ProjectConfigurationPlatforms) = postSolution
		{26586B7A-BCE1-34E3-B076-B7855ECD02A6}.Debug|Win32.ActiveCfg = Debug|Win32
		{26586B7A-BCE1-34E3-B076-B7855ECD02A6}.Debug|Win32.Build.0 = Debug|Win32
		{26586B7A-BCE1-34E3-B076-B7855ECD02A6}.Release|Win32.ActiveCfg = Release|Win32
		{26586B7A-BCE1-34E3-B076-B7855ECD02A6}.Release|Win32.Build.0 = Release|Win32
		{213C8014-155B-3B27-AA06-6A04FE5CBF4A}.Debug|Win32.ActiveCfg = Debug|Win32
		{213C8014-155B-3B27-AA06-6A04FE5CBF4A}.Release|Win32.ActiveCfg = Release|Win32
		{EC1E560E-8B1A-3D35-82A4-E36A287D8AD5}.Debug|Win32.ActiveCfg = Debug|Win32
		{EC1E560E-8B1A-3D35-82A4-E36A287D8AD5}.Debug|Win32.Build.0 = Debug|Win32
		{EC1E560E-8B1A-3D35-82A4-E36A287D8AD5}.Release|Win32.ActiveCfg = Release|Win32
		{EC1E560E-8B1A-3D35-82A4-E36A287D8AD5}.Release|Win32.Build.0 = Release|Win32
		{17935441-A94C-362E-AD40-F329818F788C}.Debug|Win32.ActiveCfg = Debug|Win32
		{17935441-A94C-362E-AD40-F329818F788C}.Debug|Win32.Build.0 = Debug|Win32
		{17935441-A94C-362E-AD40-F329818F788C}.Release|Win32.ActiveCfg = Release|Win32
		{17935441-A94C-362E-AD40-F329818F788C}.Release|Win32.Build.0 = Release|Win32
		{208EC537-E897-3B2B-BBA8-D1A972201C81}.Debug|Win32.ActiveCfg = Debug|Win32
		{208EC537-E897-3B2B-BBA8-D1A972201C81}.Debug|Win32.Build.0 = Debug|Win32
		{208EC537-E897-3B2B-BBA8-D1A972201C81}.Release|Win32.ActiveCfg = Release|Win32
		{208EC537-E897-3B2B-BBA8-D1A972201C81}.Release|Win32.Build.0 = Release|Win32
		{7AA71E06-A1CB-3179-AC13-23E4E67A58F2}.Debug|Win32.ActiveCfg = Debug|Win32
		{7AA71E06-A1CB-3179-AC13-23E4E67A58F2}.Debug|Win32.Build.0 = Debug|Win32
		{7AA71E06-A1CB-3179-AC13-23E4E67A58F2}.Release|Win32.ActiveCfg = Release|Win32
		{7AA71E06-A1CB-3179-AC13-23E4E67A58F2}.Release|Win32.Build.0 = Release|Win32
		{E5B0B2BD-5044-3CF4-9E1C-BE861CD01B82}.Debug|Win32.ActiveCfg = Debug|Win32
		{E5B0B2BD-5044-3CF4-9E1C-BE861CD01B82}.Debug|Win32.Build.0 = Debug|Win32
		{E5B0B2BD-5044-3CF4-9E1C-BE861CD01B82}.Release|Win32.ActiveCfg = Release|Win32
		{E5B0B2BD-5044-3CF4-9E1C-BE861CD01B82}.Release|Win32.Build.0 = Release|Win32
		{810F57A5-7CBF-3CAD-8F58-30B6A3DC9DC3}.Debug|Win32.ActiveCfg = Debug|Win32
		{810F57A5-7CBF-3CAD-8F58-30B6A3DC9DC3}.Debug|Win32.Build.0 = Debug|Win32
		{810F57A5-7CBF-3CAD-8F58-30B6A3DC9DC3}.Release|Win32.ActiveCfg = Release|Win32
		{810F57A5-7CBF-3CAD-8F58-30B6A3DC9DC3}.Release|Win32.Build.0 = Release|Win32
		{1675703A-0C1C-3C56-92CC-9040D9D608B9}.Debug|Win32.ActiveCfg = Debug|Win32
		{1675703A-0C1C-3C56-92CC-9040D9D608B9}.Debug|Win32.Build.0 = Debug|Win32
		{1675703A-0C1C-3C56-92CC-9040D9D608B9}.Release|Win32.ActiveCfg = Release|Win32
		{1675703A-0C1C-3C56-92CC-9040D9D608B9}.Release|Win32.Build.0 = Release|Win32
		{BFFD2F4E-3944-3124-94D0-4D56B9E86A45}.Debug|Win32.ActiveCfg = Debug|Win32
		{BFFD2F4E-3944-3124-94D0-4D56B9E86A45}.Debug|Win32.Build.0 = Debug|Win32
		{BFFD2F4E-3944-3124-94D0-4D56B9E86A45}.Release|Win32.ActiveCfg = Release|Win32
		{BFFD2F4E-3944-3124-94D0-4D56B9E86A45}.Release|Win32.Build.0 = Release|Win32
		{602BF02E-931F-3AEF-AB30-221FB4DD4C60}.Debug|Win32.ActiveCfg = Debug|Win32
		{602BF02E-931F-3AEF-AB30-221FB4DD4C60}.Debug|Win32.Build.0 = Debug|Win32
		{602BF02E-931F-3AEF-AB30-221FB4DD4C60}.Release|Win32.ActiveCfg = Release|Win32
		{602BF02E-931F-3AEF-AB30-221FB4DD4C60}.Release|Win32.Build.0 = Release|Win32
		{5F9A55A2-89F1-3D4F-B79D-E0402D770762}.Debug|Win32.ActiveCfg = Debug|Win32
		{5F9A55A2-89F1-3D4F-B79D-E0402D770762}.Debug|Win32.Build.0 = Debug|Win32
		{5F9A55A2-89F1-3D4F-B79D-E0402D770762}.Release|Win32.ActiveCfg = Release|Win32
		{5F9A55A2-89F1-3D4F-B79D-E0402D770762}.Release|Win32.Build.0 = Release|Win32
		{D14E1F8B-A0EF-3A18-A636-8B4E7A7B98EB}.Debug|Win32.ActiveCfg = Debug|Win32
		{D14E1F8B-A0EF-3A18-A636-8B4E7A7B98EB}.Debug|Win32.Build.0 = Debug|Win32
		{D14E1F8B-A0EF-3A18-A636-8B4E7A7B98EB}.Release|Win32.ActiveCfg = Release|Win32
		{D14E1F8B-A0EF-3A18-A636-8B4E7A7B98EB}.Release|Win32.Build.0 = Release|Win32
		{B2BB583B-10C2-38FF-B393-46ADB1FB205C}.Debug|Win32.ActiveCfg = Debug|Win32
		{B2BB583B-10C2-38FF-B393-46ADB1FB205C}.Debug|Win32.Build.0 = Debug|Win32
		{B2BB583B-10C2-38FF-B393-46ADB1FB205C}.Release|Win32.ActiveCfg = Release|Win32
		{B2BB583B-10C2-38FF-B393-46ADB1FB205C}.Release|Win32.Build.0 = Release|Win32
		{51CA7F36-69FA-3EA5-BD38-1F547D87E599}.Debug|Win32.ActiveCfg = Debug|Win32
		{51CA7F36-69FA-3EA5-BD38-1F547D87E599}.Debug|Win32.Build.0 = Debug|Win32
		{51CA7F36-69FA-3EA5-BD38-1F547D87E599}.Release|Win32.ActiveCfg = Release|Win32
		{51CA7F36-69FA-3EA5-BD38-1F547D87E599}.Release|Win32.Build.0 = Release|Win32
		{8DF93CC2-A192-3C5F-822B-6758A1518CE8}.Debug|Win32.ActiveCfg = Debug|Win32
		{8DF93CC2-A192-3C5F-822B-6758A1518CE8}.Debug|Win32.Build.0 = Debug|Win32
		{8DF93CC2-A192-3C5F-822B-6758A1518CE8}.Release|Win32.ActiveCfg = Release|Win32
		{8DF93CC2-A192-3C5F-822B-6758A1518CE8}.Release|Win32.Build.0 = Release|Win32
		{C9CBF6CA-3C0C-321C-BFA5-B08261593D28}.Debug|Win32.ActiveCfg = Debug|Win32
		{C9CBF6CA-3C0C-321C-BFA5-B08261593D28}.Debug|Win32.Build.0 = Debug|Win32
		{C9CBF6CA-3C0C-321C-BFA5-B08261593D28}.Release|Win32.ActiveCfg = Release|Win32
		{C9CBF6CA-3C0C-321C-BFA5-B08261593D28}.Release|Win32.Build.0 = Release|Win32
		{2FB46FE1-0928-338F-ADBB-FFD24FB238FB}.Debug|Win32.ActiveCfg = Debug|Win32
		{2FB46FE1-0928-338F-ADBB-FFD24FB238FB}.Debug|Win32.Build.0 = Debug|Win32
		{2FB46FE1-0928-338F-ADBB-FFD24FB238FB}.Release|Win32.ActiveCfg = Release|Win32
		{2FB46FE1-0928-338F-ADBB-FFD24FB238FB}.Release|Win32.Build.0 = Release|Win32
		{8D15EDA9-18E3-3D0D-920E-670C7335032E}.Debug|Win32.ActiveCfg = Debug|Win32
		{8D15EDA9-18E3-3D0D-920E-670C7335032E}.Debug|Win32.Build.0 = Debug|Win32
		{8D15EDA9-18E3-3D0D-920E-670C7335032E}.Release|Win32.ActiveCfg = Release|Win32
		{8D15EDA9-18E3-3D0D-920E-670C7335032E}.Release|Win32.Build.0 = Release|Win32
		{065F406D-141E-3C38-A623-89573436F803}.Debug|Win32.ActiveCfg = Debug|Win32
		{065F406D-141E-3C38-A623-89573436F803}.Debug|Win32.Build.0 = Debug|Win32
		{065F406D-141E-3C38-A623-89573436F803}.Release|Win32.ActiveCfg = Release|Win32
		{065F406D-141E-3C38-A623-89573436F803}.Release|Win32.Build.0 = Release|Win32
	EndGlobalSection
	GlobalSection(ExtensibilityGlobals) = postSolution
		SolutionGuid = {C7E4E8E7-5B28-32C6-9311-0E2A7C6BF6BD}
	EndGlobalSection
	GlobalSection(ExtensibilityAddIns) = postSolution
	EndGlobalSection
EndGlobal
